// !$*UTF8*$!
{
	archiveVersion = 1;
	classes = {
	};
	objectVersion = 50;
	objects = {

/* Begin PBXBuildFile section */
		8E3C47FF21C7C18E00A09171 /* AppDelegate.swift in Sources */ = {isa = PBXBuildFile; fileRef = 8E3C47FE21C7C18E00A09171 /* AppDelegate.swift */; };
		8E3C480121C7C18E00A09171 /* GameScene.sks in Resources */ = {isa = PBXBuildFile; fileRef = 8E3C480021C7C18E00A09171 /* GameScene.sks */; };
		8E3C480321C7C18E00A09171 /* Actions.sks in Resources */ = {isa = PBXBuildFile; fileRef = 8E3C480221C7C18E00A09171 /* Actions.sks */; };
		8E3C480521C7C18E00A09171 /* GameScene.swift in Sources */ = {isa = PBXBuildFile; fileRef = 8E3C480421C7C18E00A09171 /* GameScene.swift */; };
		8E3C480721C7C18E00A09171 /* GameViewController.swift in Sources */ = {isa = PBXBuildFile; fileRef = 8E3C480621C7C18E00A09171 /* GameViewController.swift */; };
		8E3C480A21C7C18E00A09171 /* Main.storyboard in Resources */ = {isa = PBXBuildFile; fileRef = 8E3C480821C7C18E00A09171 /* Main.storyboard */; };
		8E3C480C21C7C1A600A09171 /* Assets.xcassets in Resources */ = {isa = PBXBuildFile; fileRef = 8E3C480B21C7C1A600A09171 /* Assets.xcassets */; };
		8E3C480F21C7C1A600A09171 /* LaunchScreen.storyboard in Resources */ = {isa = PBXBuildFile; fileRef = 8E3C480D21C7C1A600A09171 /* LaunchScreen.storyboard */; };
		8E3C481721C7CFCC00A09171 /* JFDSpashView.swift in Sources */ = {isa = PBXBuildFile; fileRef = 8E3C481621C7CFCC00A09171 /* JFDSpashView.swift */; };
		8E3C481921C7CFE400A09171 /* JFDFirstController.swift in Sources */ = {isa = PBXBuildFile; fileRef = 8E3C481821C7CFE400A09171 /* JFDFirstController.swift */; };
/* End PBXBuildFile section */

/* Begin PBXFileReference section */
		8E3C47FB21C7C18D00A09171 /* GitExampleRohan.app */ = {isa = PBXFileReference; explicitFileType = wrapper.application; includeInIndex = 0; path = GitExampleRohan.app; sourceTree = BUILT_PRODUCTS_DIR; };
		8E3C47FE21C7C18E00A09171 /* AppDelegate.swift */ = {isa = PBXFileReference; lastKnownFileType = sourcecode.swift; path = AppDelegate.swift; sourceTree = "<group>"; };
		8E3C480021C7C18E00A09171 /* GameScene.sks */ = {isa = PBXFileReference; lastKnownFileType = file.sks; path = GameScene.sks; sourceTree = "<group>"; };
		8E3C480221C7C18E00A09171 /* Actions.sks */ = {isa = PBXFileReference; lastKnownFileType = file.sks; path = Actions.sks; sourceTree = "<group>"; };
		8E3C480421C7C18E00A09171 /* GameScene.swift */ = {isa = PBXFileReference; lastKnownFileType = sourcecode.swift; path = GameScene.swift; sourceTree = "<group>"; };
		8E3C480621C7C18E00A09171 /* GameViewController.swift */ = {isa = PBXFileReference; lastKnownFileType = sourcecode.swift; path = GameViewController.swift; sourceTree = "<group>"; };
		8E3C480921C7C18E00A09171 /* Base */ = {isa = PBXFileReference; lastKnownFileType = file.storyboard; name = Base; path = Base.lproj/Main.storyboard; sourceTree = "<group>"; };
		8E3C480B21C7C1A600A09171 /* Assets.xcassets */ = {isa = PBXFileReference; lastKnownFileType = folder.assetcatalog; path = Assets.xcassets; sourceTree = "<group>"; };
		8E3C480E21C7C1A600A09171 /* Base */ = {isa = PBXFileReference; lastKnownFileType = file.storyboard; name = Base; path = Base.lproj/LaunchScreen.storyboard; sourceTree = "<group>"; };
		8E3C481021C7C1A600A09171 /* Info.plist */ = {isa = PBXFileReference; lastKnownFileType = text.plist.xml; path = Info.plist; sourceTree = "<group>"; };
		8E3C481621C7CFCC00A09171 /* JFDSpashView.swift */ = {isa = PBXFileReference; lastKnownFileType = sourcecode.swift; path = JFDSpashView.swift; sourceTree = "<group>"; };
		8E3C481821C7CFE400A09171 /* JFDFirstController.swift */ = {isa = PBXFileReference; lastKnownFileType = sourcecode.swift; path = JFDFirstController.swift; sourceTree = "<group>"; };
/* End PBXFileReference section */

/* Begin PBXFrameworksBuildPhase section */
		8E3C47F821C7C18D00A09171 /* Frameworks */ = {
			isa = PBXFrameworksBuildPhase;
			buildActionMask = 2147483647;
			files = (
			);
			runOnlyForDeploymentPostprocessing = 0;
		};
/* End PBXFrameworksBuildPhase section */

/* Begin PBXGroup section */
		8E3C47F221C7C18C00A09171 = {
			isa = PBXGroup;
			children = (
				8E3C47FD21C7C18E00A09171 /* GitExampleRohan */,
				8E3C47FC21C7C18D00A09171 /* Products */,
			);
			sourceTree = "<group>";
		};
		8E3C47FC21C7C18D00A09171 /* Products */ = {
			isa = PBXGroup;
			children = (
				8E3C47FB21C7C18D00A09171 /* GitExampleRohan.app */,
			);
			name = Products;
			sourceTree = "<group>";
		};
		8E3C47FD21C7C18E00A09171 /* GitExampleRohan */ = {
			isa = PBXGroup;
			children = (
				8E3C47FE21C7C18E00A09171 /* AppDelegate.swift */,
				8E3C480021C7C18E00A09171 /* GameScene.sks */,
				8E3C480221C7C18E00A09171 /* Actions.sks */,
				8E3C480421C7C18E00A09171 /* GameScene.swift */,
				8E3C480621C7C18E00A09171 /* GameViewController.swift */,
				8E3C480821C7C18E00A09171 /* Main.storyboard */,
				8E3C480B21C7C1A600A09171 /* Assets.xcassets */,
				8E3C480D21C7C1A600A09171 /* LaunchScreen.storyboard */,
				8E3C481021C7C1A600A09171 /* Info.plist */,
				8E3C481621C7CFCC00A09171 /* JFDSpashView.swift */,
				8E3C481821C7CFE400A09171 /* JFDFirstController.swift */,
			);
			path = GitExampleRohan;
			sourceTree = "<group>";
		};
/* End PBXGroup section */

/* Begin PBXNativeTarget section */
		8E3C47FA21C7C18D00A09171 /* GitExampleRohan */ = {
			isa = PBXNativeTarget;
			buildConfigurationList = 8E3C481321C7C1A600A09171 /* Build configuration list for PBXNativeTarget "GitExampleRohan" */;
			buildPhases = (
				8E3C47F721C7C18D00A09171 /* Sources */,
				8E3C47F821C7C18D00A09171 /* Frameworks */,
				8E3C47F921C7C18D00A09171 /* Resources */,
			);
			buildRules = (
			);
			dependencies = (
			);
			name = GitExampleRohan;
			productName = GitExampleRohan;
			productReference = 8E3C47FB21C7C18D00A09171 /* GitExampleRohan.app */;
			productType = "com.apple.product-type.application";
		};
/* End PBXNativeTarget section */

/* Begin PBXProject section */
		8E3C47F321C7C18C00A09171 /* Project object */ = {
			isa = PBXProject;
			attributes = {
				LastSwiftUpdateCheck = 1010;
				LastUpgradeCheck = 1010;
				ORGANIZATIONNAME = Tradesocio;
				TargetAttributes = {
					8E3C47FA21C7C18D00A09171 = {
						CreatedOnToolsVersion = 10.1;
					};
				};
			};
			buildConfigurationList = 8E3C47F621C7C18C00A09171 /* Build configuration list for PBXProject "GitExampleRohan" */;
			compatibilityVersion = "Xcode 9.3";
			developmentRegion = en;
			hasScannedForEncodings = 0;
			knownRegions = (
				en,
				Base,
			);
			mainGroup = 8E3C47F221C7C18C00A09171;
			productRefGroup = 8E3C47FC21C7C18D00A09171 /* Products */;
			projectDirPath = "";
			projectRoot = "";
			targets = (
				8E3C47FA21C7C18D00A09171 /* GitExampleRohan */,
			);
		};
/* End PBXProject section */

/* Begin PBXResourcesBuildPhase section */
		8E3C47F921C7C18D00A09171 /* Resources */ = {
			isa = PBXResourcesBuildPhase;
			buildActionMask = 2147483647;
			files = (
				8E3C480A21C7C18E00A09171 /* Main.storyboard in Resources */,
				8E3C480121C7C18E00A09171 /* GameScene.sks in Resources */,
				8E3C480C21C7C1A600A09171 /* Assets.xcassets in Resources */,
				8E3C480F21C7C1A600A09171 /* LaunchScreen.storyboard in Resources */,
				8E3C480321C7C18E00A09171 /* Actions.sks in Resources */,
			);
			runOnlyForDeploymentPostprocessing = 0;
		};
/* End PBXResourcesBuildPhase section */

/* Begin PBXSourcesBuildPhase section */
		8E3C47F721C7C18D00A09171 /* Sources */ = {
			isa = PBXSourcesBuildPhase;
			buildActionMask = 2147483647;
			files = (
				8E3C480521C7C18E00A09171 /* GameScene.swift in Sources */,
				8E3C480721C7C18E00A09171 /* GameViewController.swift in Sources */,
				8E3C47FF21C7C18E00A09171 /* AppDelegate.swift in Sources */,
				8E3C481921C7CFE400A09171 /* JFDFirstController.swift in Sources */,
				8E3C481721C7CFCC00A09171 /* JFDSpashView.swift in Sources */,
			);
			runOnlyForDeploymentPostprocessing = 0;
		};
/* End PBXSourcesBuildPhase section */

/* Begin PBXVariantGroup section */
		8E3C480821C7C18E00A09171 /* Main.storyboard */ = {
			isa = PBXVariantGroup;
			children = (
				8E3C480921C7C18E00A09171 /* Base */,
			);
			name = Main.storyboard;
			sourceTree = "<group>";
		};
		8E3C480D21C7C1A600A09171 /* LaunchScreen.storyboard */ = {
			isa = PBXVariantGroup;
			children = (
				8E3C480E21C7C1A600A09171 /* Base */,
			);
			name = LaunchScreen.storyboard;
			sourceTree = "<group>";
		};
/* End PBXVariantGroup section */

/* Begin XCBuildConfiguration section */
		8E3C481121C7C1A600A09171 /* Debug */ = {
			isa = XCBuildConfiguration;
			buildSettings = {
				ALWAYS_SEARCH_USER_PATHS = NO;
				CLANG_ANALYZER_NONNULL = YES;
				CLANG_ANALYZER_NUMBER_OBJECT_CONVERSION = YES_AGGRESSIVE;
				CLANG_CXX_LANGUAGE_STANDARD = "gnu++14";
				CLANG_CXX_LIBRARY = "libc++";
				CLANG_ENABLE_MODULES = YES;
				CLANG_ENABLE_OBJC_ARC = YES;
				CLANG_ENABLE_OBJC_WEAK = YES;
				CLANG_WARN_BLOCK_CAPTURE_AUTORELEASING = YES;
				CLANG_WARN_BOOL_CONVERSION = YES;
				CLANG_WARN_COMMA = YES;
				CLANG_WARN_CONSTANT_CONVERSION = YES;
				CLANG_WARN_DEPRECATED_OBJC_IMPLEMENTATIONS = YES;
				CLANG_WARN_DIRECT_OBJC_ISA_USAGE = YES_ERROR;
				CLANG_WARN_DOCUMENTATION_COMMENTS = YES;
				CLANG_WARN_EMPTY_BODY = YES;
				CLANG_WARN_ENUM_CONVERSION = YES;
				CLANG_WARN_INFINITE_RECURSION = YES;
				CLANG_WARN_INT_CONVERSION = YES;
				CLANG_WARN_NON_LITERAL_NULL_CONVERSION = YES;
				CLANG_WARN_OBJC_IMPLICIT_RETAIN_SELF = YES;
				CLANG_WARN_OBJC_LITERAL_CONVERSION = YES;
				CLANG_WARN_OBJC_ROOT_CLASS = YES_ERROR;
				CLANG_WARN_RANGE_LOOP_ANALYSIS = YES;
				CLANG_WARN_STRICT_PROTOTYPES = YES;
				CLANG_WARN_SUSPICIOUS_MOVE = YES;
				CLANG_WARN_UNGUARDED_AVAILABILITY = YES_AGGRESSIVE;
				CLANG_WARN_UNREACHABLE_CODE = YES;
				CLANG_WARN__DUPLICATE_METHOD_MATCH = YES;
				CODE_SIGN_IDENTITY = "iPhone Developer";
				COPY_PHASE_STRIP = NO;
				DEBUG_INFORMATION_FORMAT = dwarf;
				ENABLE_STRICT_OBJC_MSGSEND = YES;
				ENABLE_TESTABILITY = YES;
				GCC_C_LANGUAGE_STANDARD = gnu11;
				GCC_DYNAMIC_NO_PIC = NO;
				GCC_NO_COMMON_BLOCKS = YES;
				GCC_OPTIMIZATION_LEVEL = 0;
				GCC_PREPROCESSOR_DEFINITIONS = (
					"DEBUG=1",
					"$(inherited)",
				);
				GCC_WARN_64_TO_32_BIT_CONVERSION = YES;
				GCC_WARN_ABOUT_RETURN_TYPE = YES_ERROR;
				GCC_WARN_UNDECLARED_SELECTOR = YES;
				GCC_WARN_UNINITIALIZED_AUTOS = YES_AGGRESSIVE;
				GCC_WARN_UNUSED_FUNCTION = YES;
				GCC_WARN_UNUSED_VARIABLE = YES;
				IPHONEOS_DEPLOYMENT_TARGET = 12.1;
				MTL_ENABLE_DEBUG_INFO = INCLUDE_SOURCE;
				MTL_FAST_MATH = YES;
				ONLY_ACTIVE_ARCH = YES;
				SDKROOT = iphoneos;
				SWIFT_ACTIVE_COMPILATION_CONDITIONS = DEBUG;
				SWIFT_OPTIMIZATION_LEVEL = "-Onone";
			};
			name = Debug;
		};
		8E3C481221C7C1A600A09171 /* Release */ = {
			isa = XCBuildConfiguration;
			buildSettings = {
				ALWAYS_SEARCH_USER_PATHS = NO;
				CLANG_ANALYZER_NONNULL = YES;
				CLANG_ANALYZER_NUMBER_OBJECT_CONVERSION = YES_AGGRESSIVE;
				CLANG_CXX_LANGUAGE_STANDARD = "gnu++14";
				CLANG_CXX_LIBRARY = "libc++";
				CLANG_ENABLE_MODULES = YES;
				CLANG_ENABLE_OBJC_ARC = YES;
				CLANG_ENABLE_OBJC_WEAK = YES;
				CLANG_WARN_BLOCK_CAPTURE_AUTORELEASING = YES;
				CLANG_WARN_BOOL_CONVERSION = YES;
				CLANG_WARN_COMMA = YES;
				CLANG_WARN_CONSTANT_CONVERSION = YES;
				CLANG_WARN_DEPRECATED_OBJC_IMPLEMENTATIONS = YES;
				CLANG_WARN_DIRECT_OBJC_ISA_USAGE = YES_ERROR;
				CLANG_WARN_DOCUMENTATION_COMMENTS = YES;
				CLANG_WARN_EMPTY_BODY = YES;
				CLANG_WARN_ENUM_CONVERSION = YES;
				CLANG_WARN_INFINITE_RECURSION = YES;
				CLANG_WARN_INT_CONVERSION = YES;
				CLANG_WARN_NON_LITERAL_NULL_CONVERSION = YES;
				CLANG_WARN_OBJC_IMPLICIT_RETAIN_SELF = YES;
				CLANG_WARN_OBJC_LITERAL_CONVERSION = YES;
				CLANG_WARN_OBJC_ROOT_CLASS = YES_ERROR;
				CLANG_WARN_RANGE_LOOP_ANALYSIS = YES;
				CLANG_WARN_STRICT_PROTOTYPES = YES;
				CLANG_WARN_SUSPICIOUS_MOVE = YES;
				CLANG_WARN_UNGUARDED_AVAILABILITY = YES_AGGRESSIVE;
				CLANG_WARN_UNREACHABLE_CODE = YES;
				CLANG_WARN__DUPLICATE_METHOD_MATCH = YES;
				CODE_SIGN_IDENTITY = "iPhone Developer";
				COPY_PHASE_STRIP = NO;
				DEBUG_INFORMATION_FORMAT = "dwarf-with-dsym";
				ENABLE_NS_ASSERTIONS = NO;
				ENABLE_STRICT_OBJC_MSGSEND = YES;
				GCC_C_LANGUAGE_STANDARD = gnu11;
				GCC_NO_COMMON_BLOCKS = YES;
				GCC_WARN_64_TO_32_BIT_CONVERSION = YES;
				GCC_WARN_ABOUT_RETURN_TYPE = YES_ERROR;
				GCC_WARN_UNDECLARED_SELECTOR = YES;
				GCC_WARN_UNINITIALIZED_AUTOS = YES_AGGRESSIVE;
				GCC_WARN_UNUSED_FUNCTION = YES;
				GCC_WARN_UNUSED_VARIABLE = YES;
				IPHONEOS_DEPLOYMENT_TARGET = 12.1;
				MTL_ENABLE_DEBUG_INFO = NO;
				MTL_FAST_MATH = YES;
				SDKROOT = iphoneos;
				SWIFT_COMPILATION_MODE = wholemodule;
				SWIFT_OPTIMIZATION_LEVEL = "-O";
				VALIDATE_PRODUCT = YES;
			};
			name = Release;
		};
		8E3C481421C7C1A600A09171 /* Debug */ = {
			isa = XCBuildConfiguration;
			buildSettings = {
				ASSETCATALOG_COMPILER_APPICON_NAME = AppIcon;
				CODE_SIGN_STYLE = Automatic;
				DEVELOPMENT_TEAM = 2FP8326P4W;
				INFOPLIST_FILE = GitExampleRohan/Info.plist;
				LD_RUNPATH_SEARCH_PATHS = (
					"$(inherited)",
					"@executable_path/Frameworks",
				);
				PRODUCT_BUNDLE_IDENTIFIER = com.Tradesocio.GitExampleRohan;
				PRODUCT_NAME = "$(TARGET_NAME)";
				SWIFT_VERSION = 4.2;
				TARGETED_DEVICE_FAMILY = "1,2";
			};
			name = Debug;
		};
		8E3C481521C7C1A600A09171 /* Release */ = {
			isa = XCBuildConfiguration;
			buildSettings = {
				ASSETCATALOG_COMPILER_APPICON_NAME = AppIcon;
				CODE_SIGN_STYLE = Automatic;
				DEVELOPMENT_TEAM = 2FP8326P4W;
				INFOPLIST_FILE = GitExampleRohan/Info.plist;
				LD_RUNPATH_SEARCH_PATHS = (
					"$(inherited)",
					"@executable_path/Frameworks",
				);
				PRODUCT_BUNDLE_IDENTIFIER = com.Tradesocio.GitExampleRohan;
				PRODUCT_NAME = "$(TARGET_NAME)";
				SWIFT_VERSION = 4.2;
				TARGETED_DEVICE_FAMILY = "1,2";
			};
			name = Release;
		};
/* End XCBuildConfiguration section */

/* Begin XCConfigurationList section */
		8E3C47F621C7C18C00A09171 /* Build configuration list for PBXProject "GitExampleRohan" */ = {
			isa = XCConfigurationList;
			buildConfigurations = (
				8E3C481121C7C1A600A09171 /* Debug */,
				8E3C481221C7C1A600A09171 /* Release */,
			);
			defaultConfigurationIsVisible = 0;
			defaultConfigurationName = Release;
		};
		8E3C481321C7C1A600A09171 /* Build configuration list for PBXNativeTarget "GitExampleRohan" */ = {
			isa = XCConfigurationList;
			buildConfigurations = (
				8E3C481421C7C1A600A09171 /* Debug */,
				8E3C481521C7C1A600A09171 /* Release */,
			);
			defaultConfigurationIsVisible = 0;
			defaultConfigurationName = Release;
		};
/* End XCConfigurationList section */
	};
	rootObject = 8E3C47F321C7C18C00A09171 /* Project object */;
}
